// !$*UTF8*$!
{
	archiveVersion = 1;
	classes = {
	};
	objectVersion = 46;
	objects = {

/* Begin PBXBuildFile section */
		598B36CE034AF4FE5C1A492D /* Pods_Working_with_sqlite.framework in Frameworks */ = {isa = PBXBuildFile; fileRef = B20643A3BB8FB9359CCE26DB /* Pods_Working_with_sqlite.framework */; };
		656C2FE81DCAE67900EC4BC6 /* dtacOne.sqlite in Resources */ = {isa = PBXBuildFile; fileRef = 656C2FE71DCAE66100EC4BC6 /* dtacOne.sqlite */; };
		656C2FEA1DCAE68900EC4BC6 /* Localization.swift in Sources */ = {isa = PBXBuildFile; fileRef = 656C2FE91DCAE68900EC4BC6 /* Localization.swift */; };
		65BF41821DC9944300388D41 /* AppDelegate.swift in Sources */ = {isa = PBXBuildFile; fileRef = 65BF41811DC9944300388D41 /* AppDelegate.swift */; };
		65BF41841DC9944300388D41 /* ViewController.swift in Sources */ = {isa = PBXBuildFile; fileRef = 65BF41831DC9944300388D41 /* ViewController.swift */; };
		65BF41871DC9944300388D41 /* Main.storyboard in Resources */ = {isa = PBXBuildFile; fileRef = 65BF41851DC9944300388D41 /* Main.storyboard */; };
		65BF41891DC9944300388D41 /* Assets.xcassets in Resources */ = {isa = PBXBuildFile; fileRef = 65BF41881DC9944300388D41 /* Assets.xcassets */; };
		65BF418C1DC9944300388D41 /* LaunchScreen.storyboard in Resources */ = {isa = PBXBuildFile; fileRef = 65BF418A1DC9944300388D41 /* LaunchScreen.storyboard */; };
		65BF41971DC9944300388D41 /* Working_with_sqliteTests.swift in Sources */ = {isa = PBXBuildFile; fileRef = 65BF41961DC9944300388D41 /* Working_with_sqliteTests.swift */; };
		E01F7BA1EB0585B5A01F9DA8 /* Pods_Working_with_sqliteTests.framework in Frameworks */ = {isa = PBXBuildFile; fileRef = 6EE4A00663746A7D7FC1A7F3 /* Pods_Working_with_sqliteTests.framework */; };
/* End PBXBuildFile section */

/* Begin PBXContainerItemProxy section */
		65BF41931DC9944300388D41 /* PBXContainerItemProxy */ = {
			isa = PBXContainerItemProxy;
			containerPortal = 65BF41761DC9944300388D41 /* Project object */;
			proxyType = 1;
			remoteGlobalIDString = 65BF417D1DC9944300388D41;
			remoteInfo = "Working with sqlite";
		};
/* End PBXContainerItemProxy section */

/* Begin PBXFileReference section */
		656C2FE71DCAE66100EC4BC6 /* dtacOne.sqlite */ = {isa = PBXFileReference; lastKnownFileType = file; path = dtacOne.sqlite; sourceTree = "<group>"; };
		656C2FE91DCAE68900EC4BC6 /* Localization.swift */ = {isa = PBXFileReference; fileEncoding = 4; lastKnownFileType = sourcecode.swift; path = Localization.swift; sourceTree = "<group>"; };
		65BF417E1DC9944300388D41 /* Working with sqlite.app */ = {isa = PBXFileReference; explicitFileType = wrapper.application; includeInIndex = 0; path = "Working with sqlite.app"; sourceTree = BUILT_PRODUCTS_DIR; };
		65BF41811DC9944300388D41 /* AppDelegate.swift */ = {isa = PBXFileReference; lastKnownFileType = sourcecode.swift; path = AppDelegate.swift; sourceTree = "<group>"; };
		65BF41831DC9944300388D41 /* ViewController.swift */ = {isa = PBXFileReference; lastKnownFileType = sourcecode.swift; path = ViewController.swift; sourceTree = "<group>"; };
		65BF41861DC9944300388D41 /* Base */ = {isa = PBXFileReference; lastKnownFileType = file.storyboard; name = Base; path = Base.lproj/Main.storyboard; sourceTree = "<group>"; };
		65BF41881DC9944300388D41 /* Assets.xcassets */ = {isa = PBXFileReference; lastKnownFileType = folder.assetcatalog; path = Assets.xcassets; sourceTree = "<group>"; };
		65BF418B1DC9944300388D41 /* Base */ = {isa = PBXFileReference; lastKnownFileType = file.storyboard; name = Base; path = Base.lproj/LaunchScreen.storyboard; sourceTree = "<group>"; };
		65BF418D1DC9944300388D41 /* Info.plist */ = {isa = PBXFileReference; lastKnownFileType = text.plist.xml; path = Info.plist; sourceTree = "<group>"; };
		65BF41921DC9944300388D41 /* Working with sqliteTests.xctest */ = {isa = PBXFileReference; explicitFileType = wrapper.cfbundle; includeInIndex = 0; path = "Working with sqliteTests.xctest"; sourceTree = BUILT_PRODUCTS_DIR; };
		65BF41961DC9944300388D41 /* Working_with_sqliteTests.swift */ = {isa = PBXFileReference; lastKnownFileType = sourcecode.swift; path = Working_with_sqliteTests.swift; sourceTree = "<group>"; };
		65BF41981DC9944300388D41 /* Info.plist */ = {isa = PBXFileReference; lastKnownFileType = text.plist.xml; path = Info.plist; sourceTree = "<group>"; };
		6EE4A00663746A7D7FC1A7F3 /* Pods_Working_with_sqliteTests.framework */ = {isa = PBXFileReference; explicitFileType = wrapper.framework; includeInIndex = 0; path = Pods_Working_with_sqliteTests.framework; sourceTree = BUILT_PRODUCTS_DIR; };
		876006B9F95678AFFC494F98 /* Pods-Working with sqliteTests.debug.xcconfig */ = {isa = PBXFileReference; includeInIndex = 1; lastKnownFileType = text.xcconfig; name = "Pods-Working with sqliteTests.debug.xcconfig"; path = "Pods/Target Support Files/Pods-Working with sqliteTests/Pods-Working with sqliteTests.debug.xcconfig"; sourceTree = "<group>"; };
		9B2DC3DF111704838106CA17 /* Pods-Working with sqliteTests.release.xcconfig */ = {isa = PBXFileReference; includeInIndex = 1; lastKnownFileType = text.xcconfig; name = "Pods-Working with sqliteTests.release.xcconfig"; path = "Pods/Target Support Files/Pods-Working with sqliteTests/Pods-Working with sqliteTests.release.xcconfig"; sourceTree = "<group>"; };
		B20643A3BB8FB9359CCE26DB /* Pods_Working_with_sqlite.framework */ = {isa = PBXFileReference; explicitFileType = wrapper.framework; includeInIndex = 0; path = Pods_Working_with_sqlite.framework; sourceTree = BUILT_PRODUCTS_DIR; };
		DD18D18A5A4E8402A82ABE85 /* Pods-Working with sqlite.release.xcconfig */ = {isa = PBXFileReference; includeInIndex = 1; lastKnownFileType = text.xcconfig; name = "Pods-Working with sqlite.release.xcconfig"; path = "Pods/Target Support Files/Pods-Working with sqlite/Pods-Working with sqlite.release.xcconfig"; sourceTree = "<group>"; };
		E93F175B47C6540B47827681 /* Pods-Working with sqlite.debug.xcconfig */ = {isa = PBXFileReference; includeInIndex = 1; lastKnownFileType = text.xcconfig; name = "Pods-Working with sqlite.debug.xcconfig"; path = "Pods/Target Support Files/Pods-Working with sqlite/Pods-Working with sqlite.debug.xcconfig"; sourceTree = "<group>"; };
/* End PBXFileReference section */

/* Begin PBXFrameworksBuildPhase section */
		65BF417B1DC9944300388D41 /* Frameworks */ = {
			isa = PBXFrameworksBuildPhase;
			buildActionMask = 2147483647;
			files = (
				598B36CE034AF4FE5C1A492D /* Pods_Working_with_sqlite.framework in Frameworks */,
			);
			runOnlyForDeploymentPostprocessing = 0;
		};
		65BF418F1DC9944300388D41 /* Frameworks */ = {
			isa = PBXFrameworksBuildPhase;
			buildActionMask = 2147483647;
			files = (
				E01F7BA1EB0585B5A01F9DA8 /* Pods_Working_with_sqliteTests.framework in Frameworks */,
			);
			runOnlyForDeploymentPostprocessing = 0;
		};
/* End PBXFrameworksBuildPhase section */

/* Begin PBXGroup section */
		2C753BE7F93890FC827A0E9C /* Pods */ = {
			isa = PBXGroup;
			children = (
				E93F175B47C6540B47827681 /* Pods-Working with sqlite.debug.xcconfig */,
				DD18D18A5A4E8402A82ABE85 /* Pods-Working with sqlite.release.xcconfig */,
				876006B9F95678AFFC494F98 /* Pods-Working with sqliteTests.debug.xcconfig */,
				9B2DC3DF111704838106CA17 /* Pods-Working with sqliteTests.release.xcconfig */,
			);
			name = Pods;
			sourceTree = "<group>";
		};
		65BF41751DC9944300388D41 = {
			isa = PBXGroup;
			children = (
				65BF41801DC9944300388D41 /* Working with sqlite */,
				65BF41951DC9944300388D41 /* Working with sqliteTests */,
				65BF417F1DC9944300388D41 /* Products */,
				2C753BE7F93890FC827A0E9C /* Pods */,
				CF4FD40BEE3FE43AC66B8AA1 /* Frameworks */,
			);
			sourceTree = "<group>";
		};
		65BF417F1DC9944300388D41 /* Products */ = {
			isa = PBXGroup;
			children = (
				65BF417E1DC9944300388D41 /* Working with sqlite.app */,
				65BF41921DC9944300388D41 /* Working with sqliteTests.xctest */,
			);
			name = Products;
			sourceTree = "<group>";
		};
		65BF41801DC9944300388D41 /* Working with sqlite */ = {
			isa = PBXGroup;
			children = (
				656C2FE71DCAE66100EC4BC6 /* dtacOne.sqlite */,
				65BF41811DC9944300388D41 /* AppDelegate.swift */,
				65BF41831DC9944300388D41 /* ViewController.swift */,
				65BF41851DC9944300388D41 /* Main.storyboard */,
				65BF41881DC9944300388D41 /* Assets.xcassets */,
				65BF418A1DC9944300388D41 /* LaunchScreen.storyboard */,
				65BF418D1DC9944300388D41 /* Info.plist */,
				656C2FE91DCAE68900EC4BC6 /* Localization.swift */,
			);
			path = "Working with sqlite";
			sourceTree = "<group>";
		};
		65BF41951DC9944300388D41 /* Working with sqliteTests */ = {
			isa = PBXGroup;
			children = (
				65BF41961DC9944300388D41 /* Working_with_sqliteTests.swift */,
				65BF41981DC9944300388D41 /* Info.plist */,
			);
			path = "Working with sqliteTests";
			sourceTree = "<group>";
		};
		CF4FD40BEE3FE43AC66B8AA1 /* Frameworks */ = {
			isa = PBXGroup;
			children = (
				B20643A3BB8FB9359CCE26DB /* Pods_Working_with_sqlite.framework */,
				6EE4A00663746A7D7FC1A7F3 /* Pods_Working_with_sqliteTests.framework */,
			);
			name = Frameworks;
			sourceTree = "<group>";
		};
/* End PBXGroup section */

/* Begin PBXNativeTarget section */
		65BF417D1DC9944300388D41 /* Working with sqlite */ = {
			isa = PBXNativeTarget;
			buildConfigurationList = 65BF419B1DC9944300388D41 /* Build configuration list for PBXNativeTarget "Working with sqlite" */;
			buildPhases = (
				9CF76E4C4B55C7A86675FE9C /* [CP] Check Pods Manifest.lock */,
				65BF417A1DC9944300388D41 /* Sources */,
				65BF417B1DC9944300388D41 /* Frameworks */,
				65BF417C1DC9944300388D41 /* Resources */,
				4FF1CF7D7C204294F32B908D /* [CP] Embed Pods Frameworks */,
				EEEFFEC390E4134A6AF88967 /* [CP] Copy Pods Resources */,
			);
			buildRules = (
			);
			dependencies = (
			);
			name = "Working with sqlite";
			productName = "Working with sqlite";
			productReference = 65BF417E1DC9944300388D41 /* Working with sqlite.app */;
			productType = "com.apple.product-type.application";
		};
		65BF41911DC9944300388D41 /* Working with sqliteTests */ = {
			isa = PBXNativeTarget;
			buildConfigurationList = 65BF419E1DC9944300388D41 /* Build configuration list for PBXNativeTarget "Working with sqliteTests" */;
			buildPhases = (
				5604871DFD1368C1717C4884 /* [CP] Check Pods Manifest.lock */,
				65BF418E1DC9944300388D41 /* Sources */,
				65BF418F1DC9944300388D41 /* Frameworks */,
				65BF41901DC9944300388D41 /* Resources */,
				804D961736895B01065CBEE0 /* [CP] Embed Pods Frameworks */,
				876E96BF4B07E24CEE584EA9 /* [CP] Copy Pods Resources */,
			);
			buildRules = (
			);
			dependencies = (
				65BF41941DC9944300388D41 /* PBXTargetDependency */,
			);
			name = "Working with sqliteTests";
			productName = "Working with sqliteTests";
			productReference = 65BF41921DC9944300388D41 /* Working with sqliteTests.xctest */;
			productType = "com.apple.product-type.bundle.unit-test";
		};
/* End PBXNativeTarget section */

/* Begin PBXProject section */
		65BF41761DC9944300388D41 /* Project object */ = {
			isa = PBXProject;
			attributes = {
				LastSwiftUpdateCheck = 0810;
				LastUpgradeCheck = 0810;
				ORGANIZATIONNAME = "Wasith Theerapattrathamrong";
				TargetAttributes = {
					65BF417D1DC9944300388D41 = {
						CreatedOnToolsVersion = 8.1;
						ProvisioningStyle = Automatic;
					};
					65BF41911DC9944300388D41 = {
						CreatedOnToolsVersion = 8.1;
						ProvisioningStyle = Automatic;
						TestTargetID = 65BF417D1DC9944300388D41;
					};
				};
			};
			buildConfigurationList = 65BF41791DC9944300388D41 /* Build configuration list for PBXProject "Working with sqlite" */;
			compatibilityVersion = "Xcode 3.2";
			developmentRegion = English;
			hasScannedForEncodings = 0;
			knownRegions = (
				en,
				Base,
			);
			mainGroup = 65BF41751DC9944300388D41;
			productRefGroup = 65BF417F1DC9944300388D41 /* Products */;
			projectDirPath = "";
			projectRoot = "";
			targets = (
				65BF417D1DC9944300388D41 /* Working with sqlite */,
				65BF41911DC9944300388D41 /* Working with sqliteTests */,
			);
		};
/* End PBXProject section */

/* Begin PBXResourcesBuildPhase section */
		65BF417C1DC9944300388D41 /* Resources */ = {
			isa = PBXResourcesBuildPhase;
			buildActionMask = 2147483647;
			files = (
				656C2FE81DCAE67900EC4BC6 /* dtacOne.sqlite in Resources */,
				65BF418C1DC9944300388D41 /* LaunchScreen.storyboard in Resources */,
				65BF41891DC9944300388D41 /* Assets.xcassets in Resources */,
				65BF41871DC9944300388D41 /* Main.storyboard in Resources */,
			);
			runOnlyForDeploymentPostprocessing = 0;
		};
		65BF41901DC9944300388D41 /* Resources */ = {
			isa = PBXResourcesBuildPhase;
			buildActionMask = 2147483647;
			files = (
			);
			runOnlyForDeploymentPostprocessing = 0;
		};
/* End PBXResourcesBuildPhase section */

/* Begin PBXShellScriptBuildPhase section */
		4FF1CF7D7C204294F32B908D /* [CP] Embed Pods Frameworks */ = {
			isa = PBXShellScriptBuildPhase;
			buildActionMask = 2147483647;
			files = (
			);
			inputPaths = (
			);
			name = "[CP] Embed Pods Frameworks";
			outputPaths = (
			);
			runOnlyForDeploymentPostprocessing = 0;
			shellPath = /bin/sh;
			shellScript = "\"${SRCROOT}/Pods/Target Support Files/Pods-Working with sqlite/Pods-Working with sqlite-frameworks.sh\"\n";
			showEnvVarsInLog = 0;
		};
		5604871DFD1368C1717C4884 /* [CP] Check Pods Manifest.lock */ = {
			isa = PBXShellScriptBuildPhase;
			buildActionMask = 2147483647;
			files = (
			);
			inputPaths = (
			);
			name = "[CP] Check Pods Manifest.lock";
			outputPaths = (
			);
			runOnlyForDeploymentPostprocessing = 0;
			shellPath = /bin/sh;
			shellScript = "diff \"${PODS_ROOT}/../Podfile.lock\" \"${PODS_ROOT}/Manifest.lock\" > /dev/null\nif [ $? != 0 ] ; then\n    # print error to STDERR\n    echo \"error: The sandbox is not in sync with the Podfile.lock. Run \'pod install\' or update your CocoaPods installation.\" >&2\n    exit 1\nfi\n";
			showEnvVarsInLog = 0;
		};
		804D961736895B01065CBEE0 /* [CP] Embed Pods Frameworks */ = {
			isa = PBXShellScriptBuildPhase;
			buildActionMask = 2147483647;
			files = (
			);
			inputPaths = (
			);
			name = "[CP] Embed Pods Frameworks";
			outputPaths = (
			);
			runOnlyForDeploymentPostprocessing = 0;
			shellPath = /bin/sh;
			shellScript = "\"${SRCROOT}/Pods/Target Support Files/Pods-Working with sqliteTests/Pods-Working with sqliteTests-frameworks.sh\"\n";
			showEnvVarsInLog = 0;
		};
		876E96BF4B07E24CEE584EA9 /* [CP] Copy Pods Resources */ = {
			isa = PBXShellScriptBuildPhase;
			buildActionMask = 2147483647;
			files = (
			);
			inputPaths = (
			);
			name = "[CP] Copy Pods Resources";
			outputPaths = (
			);
			runOnlyForDeploymentPostprocessing = 0;
			shellPath = /bin/sh;
			shellScript = "\"${SRCROOT}/Pods/Target Support Files/Pods-Working with sqliteTests/Pods-Working with sqliteTests-resources.sh\"\n";
			showEnvVarsInLog = 0;
		};
		9CF76E4C4B55C7A86675FE9C /* [CP] Check Pods Manifest.lock */ = {
			isa = PBXShellScriptBuildPhase;
			buildActionMask = 2147483647;
			files = (
			);
			inputPaths = (
			);
			name = "[CP] Check Pods Manifest.lock";
			outputPaths = (
			);
			runOnlyForDeploymentPostprocessing = 0;
			shellPath = /bin/sh;
			shellScript = "diff \"${PODS_ROOT}/../Podfile.lock\" \"${PODS_ROOT}/Manifest.lock\" > /dev/null\nif [ $? != 0 ] ; then\n    # print error to STDERR\n    echo \"error: The sandbox is not in sync with the Podfile.lock. Run \'pod install\' or update your CocoaPods installation.\" >&2\n    exit 1\nfi\n";
			showEnvVarsInLog = 0;
		};
		EEEFFEC390E4134A6AF88967 /* [CP] Copy Pods Resources */ = {
			isa = PBXShellScriptBuildPhase;
			buildActionMask = 2147483647;
			files = (
			);
			inputPaths = (
			);
			name = "[CP] Copy Pods Resources";
			outputPaths = (
			);
			runOnlyForDeploymentPostprocessing = 0;
			shellPath = /bin/sh;
			shellScript = "\"${SRCROOT}/Pods/Target Support Files/Pods-Working with sqlite/Pods-Working with sqlite-resources.sh\"\n";
			showEnvVarsInLog = 0;
		};
/* End PBXShellScriptBuildPhase section */

/* Begin PBXSourcesBuildPhase section */
		65BF417A1DC9944300388D41 /* Sources */ = {
			isa = PBXSourcesBuildPhase;
			buildActionMask = 2147483647;
			files = (
				656C2FEA1DCAE68900EC4BC6 /* Localization.swift in Sources */,
				65BF41841DC9944300388D41 /* ViewController.swift in Sources */,
				65BF41821DC9944300388D41 /* AppDelegate.swift in Sources */,
			);
			runOnlyForDeploymentPostprocessing = 0;
		};
		65BF418E1DC9944300388D41 /* Sources */ = {
			isa = PBXSourcesBuildPhase;
			buildActionMask = 2147483647;
			files = (
				65BF41971DC9944300388D41 /* Working_with_sqliteTests.swift in Sources */,
			);
			runOnlyForDeploymentPostprocessing = 0;
		};
/* End PBXSourcesBuildPhase section */

/* Begin PBXTargetDependency section */
		65BF41941DC9944300388D41 /* PBXTargetDependency */ = {
			isa = PBXTargetDependency;
			target = 65BF417D1DC9944300388D41 /* Working with sqlite */;
			targetProxy = 65BF41931DC9944300388D41 /* PBXContainerItemProxy */;
		};
/* End PBXTargetDependency section */

/* Begin PBXVariantGroup section */
		65BF41851DC9944300388D41 /* Main.storyboard */ = {
			isa = PBXVariantGroup;
			children = (
				65BF41861DC9944300388D41 /* Base */,
			);
			name = Main.storyboard;
			sourceTree = "<group>";
		};
		65BF418A1DC9944300388D41 /* LaunchScreen.storyboard */ = {
			isa = PBXVariantGroup;
			children = (
				65BF418B1DC9944300388D41 /* Base */,
			);
			name = LaunchScreen.storyboard;
			sourceTree = "<group>";
		};
/* End PBXVariantGroup section */

/* Begin XCBuildConfiguration section */
		65BF41991DC9944300388D41 /* Debug */ = {
			isa = XCBuildConfiguration;
			buildSettings = {
				ALWAYS_SEARCH_USER_PATHS = NO;
				CLANG_ANALYZER_NONNULL = YES;
				CLANG_CXX_LANGUAGE_STANDARD = "gnu++0x";
				CLANG_CXX_LIBRARY = "libc++";
				CLANG_ENABLE_MODULES = YES;
				CLANG_ENABLE_OBJC_ARC = YES;
				CLANG_WARN_BOOL_CONVERSION = YES;
				CLANG_WARN_CONSTANT_CONVERSION = YES;
				CLANG_WARN_DIRECT_OBJC_ISA_USAGE = YES_ERROR;
				CLANG_WARN_DOCUMENTATION_COMMENTS = YES;
				CLANG_WARN_EMPTY_BODY = YES;
				CLANG_WARN_ENUM_CONVERSION = YES;
				CLANG_WARN_INFINITE_RECURSION = YES;
				CLANG_WARN_INT_CONVERSION = YES;
				CLANG_WARN_OBJC_ROOT_CLASS = YES_ERROR;
				CLANG_WARN_SUSPICIOUS_MOVES = YES;
				CLANG_WARN_UNREACHABLE_CODE = YES;
				CLANG_WARN__DUPLICATE_METHOD_MATCH = YES;
				"CODE_SIGN_IDENTITY[sdk=iphoneos*]" = "iPhone Developer";
				COPY_PHASE_STRIP = NO;
				DEBUG_INFORMATION_FORMAT = dwarf;
				ENABLE_STRICT_OBJC_MSGSEND = YES;
				ENABLE_TESTABILITY = YES;
				GCC_C_LANGUAGE_STANDARD = gnu99;
				GCC_DYNAMIC_NO_PIC = NO;
				GCC_NO_COMMON_BLOCKS = YES;
				GCC_OPTIMIZATION_LEVEL = 0;
				GCC_PREPROCESSOR_DEFINITIONS = (
					"DEBUG=1",
					"$(inherited)",
				);
				GCC_WARN_64_TO_32_BIT_CONVERSION = YES;
				GCC_WARN_ABOUT_RETURN_TYPE = YES_ERROR;
				GCC_WARN_UNDECLARED_SELECTOR = YES;
				GCC_WARN_UNINITIALIZED_AUTOS = YES_AGGRESSIVE;
				GCC_WARN_UNUSED_FUNCTION = YES;
				GCC_WARN_UNUSED_VARIABLE = YES;
				IPHONEOS_DEPLOYMENT_TARGET = 10.1;
				MTL_ENABLE_DEBUG_INFO = YES;
				ONLY_ACTIVE_ARCH = YES;
				SDKROOT = iphoneos;
				SWIFT_ACTIVE_COMPILATION_CONDITIONS = DEBUG;
				SWIFT_OPTIMIZATION_LEVEL = "-Onone";
				TARGETED_DEVICE_FAMILY = "1,2";
			};
			name = Debug;
		};
		65BF419A1DC9944300388D41 /* Release */ = {
			isa = XCBuildConfiguration;
			buildSettings = {
				ALWAYS_SEARCH_USER_PATHS = NO;
				CLANG_ANALYZER_NONNULL = YES;
				CLANG_CXX_LANGUAGE_STANDARD = "gnu++0x";
				CLANG_CXX_LIBRARY = "libc++";
				CLANG_ENABLE_MODULES = YES;
				CLANG_ENABLE_OBJC_ARC = YES;
				CLANG_WARN_BOOL_CONVERSION = YES;
				CLANG_WARN_CONSTANT_CONVERSION = YES;
				CLANG_WARN_DIRECT_OBJC_ISA_USAGE = YES_ERROR;
				CLANG_WARN_DOCUMENTATION_COMMENTS = YES;
				CLANG_WARN_EMPTY_BODY = YES;
				CLANG_WARN_ENUM_CONVERSION = YES;
				CLANG_WARN_INFINITE_RECURSION = YES;
				CLANG_WARN_INT_CONVERSION = YES;
				CLANG_WARN_OBJC_ROOT_CLASS = YES_ERROR;
				CLANG_WARN_SUSPICIOUS_MOVES = YES;
				CLANG_WARN_UNREACHABLE_CODE = YES;
				CLANG_WARN__DUPLICATE_METHOD_MATCH = YES;
				"CODE_SIGN_IDENTITY[sdk=iphoneos*]" = "iPhone Developer";
				COPY_PHASE_STRIP = NO;
				DEBUG_INFORMATION_FORMAT = "dwarf-with-dsym";
				ENABLE_NS_ASSERTIONS = NO;
				ENABLE_STRICT_OBJC_MSGSEND = YES;
				GCC_C_LANGUAGE_STANDARD = gnu99;
				GCC_NO_COMMON_BLOCKS = YES;
				GCC_WARN_64_TO_32_BIT_CONVERSION = YES;
				GCC_WARN_ABOUT_RETURN_TYPE = YES_ERROR;
				GCC_WARN_UNDECLARED_SELECTOR = YES;
				GCC_WARN_UNINITIALIZED_AUTOS = YES_AGGRESSIVE;
				GCC_WARN_UNUSED_FUNCTION = YES;
				GCC_WARN_UNUSED_VARIABLE = YES;
				IPHONEOS_DEPLOYMENT_TARGET = 10.1;
				MTL_ENABLE_DEBUG_INFO = NO;
				SDKROOT = iphoneos;
				SWIFT_OPTIMIZATION_LEVEL = "-Owholemodule";
				TARGETED_DEVICE_FAMILY = "1,2";
				VALIDATE_PRODUCT = YES;
			};
			name = Release;
		};
		65BF419C1DC9944300388D41 /* Debug */ = {
			isa = XCBuildConfiguration;
			baseConfigurationReference = E93F175B47C6540B47827681 /* Pods-Working with sqlite.debug.xcconfig */;
			buildSettings = {
				ASSETCATALOG_COMPILER_APPICON_NAME = AppIcon;
				INFOPLIST_FILE = "Working with sqlite/Info.plist";
				LD_RUNPATH_SEARCH_PATHS = "$(inherited) @executable_path/Frameworks";
				PRODUCT_BUNDLE_IDENTIFIER = "com.silom313.Working-with-sqlite";
				PRODUCT_NAME = "$(TARGET_NAME)";
				SWIFT_VERSION = 3.0;
			};
			name = Debug;
		};
		65BF419D1DC9944300388D41 /* Release */ = {
			isa = XCBuildConfiguration;
			baseConfigurationReference = DD18D18A5A4E8402A82ABE85 /* Pods-Working with sqlite.release.xcconfig */;
			buildSettings = {
				ASSETCATALOG_COMPILER_APPICON_NAME = AppIcon;
				INFOPLIST_FILE = "Working with sqlite/Info.plist";
				LD_RUNPATH_SEARCH_PATHS = "$(inherited) @executable_path/Frameworks";
				PRODUCT_BUNDLE_IDENTIFIER = "com.silom313.Working-with-sqlite";
				PRODUCT_NAME = "$(TARGET_NAME)";
				SWIFT_VERSION = 3.0;
			};
			name = Release;
		};
		65BF419F1DC9944300388D41 /* Debug */ = {
			isa = XCBuildConfiguration;
			baseConfigurationReference = 876006B9F95678AFFC494F98 /* Pods-Working with sqliteTests.debug.xcconfig */;
			buildSettings = {
				ALWAYS_EMBED_SWIFT_STANDARD_LIBRARIES = YES;
				BUNDLE_LOADER = "$(TEST_HOST)";
				INFOPLIST_FILE = "Working with sqliteTests/Info.plist";
				LD_RUNPATH_SEARCH_PATHS = "$(inherited) @executable_path/Frameworks @loader_path/Frameworks";
				PRODUCT_BUNDLE_IDENTIFIER = "com.silom313.Working-with-sqliteTests";
				PRODUCT_NAME = "$(TARGET_NAME)";
				SWIFT_VERSION = 3.0;
				TEST_HOST = "$(BUILT_PRODUCTS_DIR)/Working with sqlite.app/Working with sqlite";
			};
			name = Debug;
		};
		65BF41A01DC9944300388D41 /* Release */ = {
			isa = XCBuildConfiguration;
			baseConfigurationReference = 9B2DC3DF111704838106CA17 /* Pods-Working with sqliteTests.release.xcconfig */;
			buildSettings = {
				ALWAYS_EMBED_SWIFT_STANDARD_LIBRARIES = YES;
				BUNDLE_LOADER = "$(TEST_HOST)";
				INFOPLIST_FILE = "Working with sqliteTests/Info.plist";
				LD_RUNPATH_SEARCH_PATHS = "$(inherited) @executable_path/Frameworks @loader_path/Frameworks";
				PRODUCT_BUNDLE_IDENTIFIER = "com.silom313.Working-with-sqliteTests";
				PRODUCT_NAME = "$(TARGET_NAME)";
				SWIFT_VERSION = 3.0;
				TEST_HOST = "$(BUILT_PRODUCTS_DIR)/Working with sqlite.app/Working with sqlite";
			};
			name = Release;
		};
/* End XCBuildConfiguration section */

/* Begin XCConfigurationList section */
		65BF41791DC9944300388D41 /* Build configuration list for PBXProject "Working with sqlite" */ = {
			isa = XCConfigurationList;
			buildConfigurations = (
				65BF41991DC9944300388D41 /* Debug */,
				65BF419A1DC9944300388D41 /* Release */,
			);
			defaultConfigurationIsVisible = 0;
			defaultConfigurationName = Release;
		};
		65BF419B1DC9944300388D41 /* Build configuration list for PBXNativeTarget "Working with sqlite" */ = {
			isa = XCConfigurationList;
			buildConfigurations = (
				65BF419C1DC9944300388D41 /* Debug */,
				65BF419D1DC9944300388D41 /* Release */,
			);
			defaultConfigurationIsVisible = 0;
			defaultConfigurationName = Release;
		};
		65BF419E1DC9944300388D41 /* Build configuration list for PBXNativeTarget "Working with sqliteTests" */ = {
			isa = XCConfigurationList;
			buildConfigurations = (
				65BF419F1DC9944300388D41 /* Debug */,
				65BF41A01DC9944300388D41 /* Release */,
			);
			defaultConfigurationIsVisible = 0;
			defaultConfigurationName = Release;
		};
/* End XCConfigurationList section */
	};
	rootObject = 65BF41761DC9944300388D41 /* Project object */;
}
